
Microsoft Visual Studio Solution File, Format Version 12.00
# Visual Studio Version 16
VisualStudioVersion = 16.0.30413.136
MinimumVisualStudioVersion = 10.0.40219.1
Project("{FAE04EC0-301F-11D3-BF4B-00C04F79EFBC}") = "TextAnalyzer", "TextAnalyzer.csproj", "{5640846A-B245-45EA-B58A-47EBE9F2DABA}"
EndProject
Global
	GlobalSection(SolutionConfigurationPlatforms) = preSolution
		Debug|Any CPU = Debug|Any CPU
		Release|Any CPU = Release|Any CPU
	EndGlobalSection
	GlobalSection(ProjectConfigurationPlatforms) = postSolution
		{5640846A-B245-45EA-B58A-47EBE9F2DABA}.Debug|Any CPU.ActiveCfg = Debug|Any CPU
		{5640846A-B245-45EA-B58A-47EBE9F2DABA}.Debug|Any CPU.Build.0 = Debug|Any CPU
		{5640846A-B245-45EA-B58A-47EBE9F2DABA}.Release|Any CPU.ActiveCfg = Release|Any CPU
		{5640846A-B245-45EA-B58A-47EBE9F2DABA}.Release|Any CPU.Build.0 = Release|Any CPU
	EndGlobalSection
	GlobalSection(SolutionProperties) = preSolution
		HideSolutionNode = FALSE
	EndGlobalSection
	GlobalSection(ExtensibilityGlobals) = postSolution
		SolutionGuid = {6195EBC0-F60F-471A-95F8-54C352559DA7}
	EndGlobalSection
EndGlobal
